<?xml version="1.0" encoding="UTF-8"?>
<Scheme
   LastUpgradeVersion = "0440"
   version = "1.3">
   <BuildAction
      parallelizeBuildables = "YES"
      buildImplicitDependencies = "YES">
      <BuildActionEntries>
         <BuildActionEntry
            buildForTesting = "YES"
            buildForRunning = "YES"
            buildForProfiling = "YES"
            buildForArchiving = "YES"
            buildForAnalyzing = "YES">
            <BuildableReference
               BuildableIdentifier = "primary"
               BlueprintIdentifier = "396D6F03158D2F560046CF16"
               BuildableName = "KSCrash.framework"
               BlueprintName = "KSCrash"
               ReferencedContainer = "container:KSCrash.xcodeproj">
            </BuildableReference>
         </BuildActionEntry>
      </BuildActionEntries>
   </BuildAction>
   <TestAction
      selectedDebuggerIdentifier = "Xcode.DebuggerFoundation.Debugger.LLDB"
      selectedLauncherIdentifier = "Xcode.DebuggerFoundation.Launcher.LLDB"
      shouldUseLaunchSchemeArgsEnv = "YES"
      buildConfiguration = "Debug">
      <Testables>
         <TestableReference
            skipped = "NO">
            <BuildableReference
               BuildableIdentifier = "primary"
               BlueprintIdentifier = "396D6F14158D2F560046CF16"
               BuildableName = "KSCrashTests.octest"
               BlueprintName = "KSCrashTests"
               ReferencedContainer = "container:KSCrash.xcodeproj">
            </BuildableReference>
            <SkippedTests>
               <Test
                  Identifier = "Container_DeepSearch_Tests/testDeepSearchArray">
               </Test>
               <Test
                  Identifier = "Container_DeepSearch_Tests/testDeepSearchArrayPath">
               </Test>
               <Test
                  Identifier = "Container_DeepSearch_Tests/testDeepSearchArrayString">
               </Test>
               <Test
                  Identifier = "Container_DeepSearch_Tests/testDeepSearchDictionary">
               </Test>
               <Test
                  Identifier = "Container_DeepSearch_Tests/testDeepSearchDictionary2">
               </Test>
               <Test
                  Identifier = "Container_DeepSearch_Tests/testDeepSearchDictionary2Path">
               </Test>
               <Test
                  Identifier = "Container_DeepSearch_Tests/testDeepSearchDictionaryPath">
               </Test>
               <Test
                  Identifier = "Container_DeepSearch_Tests/testDeepSearchMixed">
               </Test>
               <Test
                  Identifier = "Container_DeepSearch_Tests/testDeepSearchNotFoundArray">
               </Test>
               <Test
                  Identifier = "Container_DeepSearch_Tests/testDeepSearchNotFound">
               </Test>
               <Test
                  Identifier = "Container_DeepSearch_Tests/testDeepSearchNonContainerObject">
               </Test>
               <Test
                  Identifier = "Container_DeepSearch_Tests/testDeepSearchMixedPath">
               </Test>
            </SkippedTests>
         </TestableReference>
      </Testables>
   </TestAction>
   <LaunchAction
      selectedDebuggerIdentifier = "Xcode.DebuggerFoundation.Debugger.LLDB"
      selectedLauncherIdentifier = "Xcode.DebuggerFoundation.Launcher.LLDB"
      launchStyle = "0"
      useCustomWorkingDirectory = "NO"
      buildConfiguration = "Debug"
      ignoresPersistentStateOnLaunch = "NO"
      debugDocumentVersioning = "YES"
      allowLocationSimulation = "YES">
      <AdditionalOptions>
      </AdditionalOptions>
   </LaunchAction>
   <ProfileAction
      shouldUseLaunchSchemeArgsEnv = "YES"
      savedToolIdentifier = ""
      useCustomWorkingDirectory = "NO"
      buildConfiguration = "Release"
      debugDocumentVersioning = "YES">
   </ProfileAction>
   <AnalyzeAction
      buildConfiguration = "Debug">
   </AnalyzeAction>
   <ArchiveAction
      buildConfiguration = "Release"
      revealArchiveInOrganizer = "YES">
   </ArchiveAction>
</Scheme>
