// !$*UTF8*$!
{
	archiveVersion = 1;
	classes = {
	};
	objectVersion = 77;
	objects = {

/* Begin PBXBuildFile section */
		526294C52E683A45001695B7 /* CrashLibA.xcframework in Frameworks */ = {isa = PBXBuildFile; fileRef = 526294C42E683A45001695B7 /* CrashLibA.xcframework */; };
		526294C62E683A45001695B7 /* CrashLibA.xcframework in Embed Frameworks */ = {isa = PBXBuildFile; fileRef = 526294C42E683A45001695B7 /* CrashLibA.xcframework */; settings = {ATTRIBUTES = (CodeSignOnCopy, RemoveHeadersOnCopy, ); }; };
		526294C92E683A64001695B7 /* CrashLibB.xcframework in Frameworks */ = {isa = PBXBuildFile; fileRef = 526294C82E683A64001695B7 /* CrashLibB.xcframework */; };
		526294CA2E683A64001695B7 /* CrashLibB.xcframework in Embed Frameworks */ = {isa = PBXBuildFile; fileRef = 526294C82E683A64001695B7 /* CrashLibB.xcframework */; settings = {ATTRIBUTES = (CodeSignOnCopy, RemoveHeadersOnCopy, ); }; };
/* End PBXBuildFile section */

/* Begin PBXContainerItemProxy section */
		526294A72E683A14001695B7 /* PBXContainerItemProxy */ = {
			isa = PBXContainerItemProxy;
			containerPortal = 526294912E683A12001695B7 /* Project object */;
			proxyType = 1;
			remoteGlobalIDString = 526294982E683A12001695B7;
			remoteInfo = CrashyApp;
		};
		526294B12E683A14001695B7 /* PBXContainerItemProxy */ = {
			isa = PBXContainerItemProxy;
			containerPortal = 526294912E683A12001695B7 /* Project object */;
			proxyType = 1;
			remoteGlobalIDString = 526294982E683A12001695B7;
			remoteInfo = CrashyApp;
		};
/* End PBXContainerItemProxy section */

/* Begin PBXCopyFilesBuildPhase section */
		526294C72E683A45001695B7 /* Embed Frameworks */ = {
			isa = PBXCopyFilesBuildPhase;
			buildActionMask = 2147483647;
			dstPath = "";
			dstSubfolderSpec = 10;
			files = (
				526294CA2E683A64001695B7 /* CrashLibB.xcframework in Embed Frameworks */,
				526294C62E683A45001695B7 /* CrashLibA.xcframework in Embed Frameworks */,
			);
			name = "Embed Frameworks";
			runOnlyForDeploymentPostprocessing = 0;
		};
/* End PBXCopyFilesBuildPhase section */

/* Begin PBXFileReference section */
		526294992E683A12001695B7 /* CrashyApp.app */ = {isa = PBXFileReference; explicitFileType = wrapper.application; includeInIndex = 0; path = CrashyApp.app; sourceTree = BUILT_PRODUCTS_DIR; };
		526294A62E683A14001695B7 /* CrashyAppTests.xctest */ = {isa = PBXFileReference; explicitFileType = wrapper.cfbundle; includeInIndex = 0; path = CrashyAppTests.xctest; sourceTree = BUILT_PRODUCTS_DIR; };
		526294B02E683A14001695B7 /* CrashyAppUITests.xctest */ = {isa = PBXFileReference; explicitFileType = wrapper.cfbundle; includeInIndex = 0; path = CrashyAppUITests.xctest; sourceTree = BUILT_PRODUCTS_DIR; };
		526294C42E683A45001695B7 /* CrashLibA.xcframework */ = {isa = PBXFileReference; lastKnownFileType = wrapper.xcframework; name = CrashLibA.xcframework; path = ../products/CrashLibA.xcframework; sourceTree = "<group>"; };
		526294C82E683A64001695B7 /* CrashLibB.xcframework */ = {isa = PBXFileReference; lastKnownFileType = wrapper.xcframework; name = CrashLibB.xcframework; path = ../products/CrashLibB.xcframework; sourceTree = "<group>"; };
/* End PBXFileReference section */

/* Begin PBXFileSystemSynchronizedRootGroup section */
		5262949B2E683A12001695B7 /* CrashyApp */ = {
			isa = PBXFileSystemSynchronizedRootGroup;
			path = CrashyApp;
			sourceTree = "<group>";
		};
		526294A92E683A14001695B7 /* CrashyAppTests */ = {
			isa = PBXFileSystemSynchronizedRootGroup;
			path = CrashyAppTests;
			sourceTree = "<group>";
		};
		526294B32E683A14001695B7 /* CrashyAppUITests */ = {
			isa = PBXFileSystemSynchronizedRootGroup;
			path = CrashyAppUITests;
			sourceTree = "<group>";
		};
/* End PBXFileSystemSynchronizedRootGroup section */

/* Begin PBXFrameworksBuildPhase section */
		526294962E683A12001695B7 /* Frameworks */ = {
			isa = PBXFrameworksBuildPhase;
			buildActionMask = 2147483647;
			files = (
				526294C92E683A64001695B7 /* CrashLibB.xcframework in Frameworks */,
				526294C52E683A45001695B7 /* CrashLibA.xcframework in Frameworks */,
			);
			runOnlyForDeploymentPostprocessing = 0;
		};
		526294A32E683A14001695B7 /* Frameworks */ = {
			isa = PBXFrameworksBuildPhase;
			buildActionMask = 2147483647;
			files = (
			);
			runOnlyForDeploymentPostprocessing = 0;
		};
		526294AD2E683A14001695B7 /* Frameworks */ = {
			isa = PBXFrameworksBuildPhase;
			buildActionMask = 2147483647;
			files = (
			);
			runOnlyForDeploymentPostprocessing = 0;
		};
/* End PBXFrameworksBuildPhase section */

/* Begin PBXGroup section */
		526294902E683A12001695B7 = {
			isa = PBXGroup;
			children = (
				5262949B2E683A12001695B7 /* CrashyApp */,
				526294A92E683A14001695B7 /* CrashyAppTests */,
				526294B32E683A14001695B7 /* CrashyAppUITests */,
				526294C32E683A45001695B7 /* Frameworks */,
				5262949A2E683A12001695B7 /* Products */,
			);
			sourceTree = "<group>";
		};
		5262949A2E683A12001695B7 /* Products */ = {
			isa = PBXGroup;
			children = (
				526294992E683A12001695B7 /* CrashyApp.app */,
				526294A62E683A14001695B7 /* CrashyAppTests.xctest */,
				526294B02E683A14001695B7 /* CrashyAppUITests.xctest */,
			);
			name = Products;
			sourceTree = "<group>";
		};
		526294C32E683A45001695B7 /* Frameworks */ = {
			isa = PBXGroup;
			children = (
				526294C82E683A64001695B7 /* CrashLibB.xcframework */,
				526294C42E683A45001695B7 /* CrashLibA.xcframework */,
			);
			name = Frameworks;
			sourceTree = "<group>";
		};
/* End PBXGroup section */

/* Begin PBXNativeTarget section */
		526294982E683A12001695B7 /* CrashyApp */ = {
			isa = PBXNativeTarget;
			buildConfigurationList = 526294BA2E683A14001695B7 /* Build configuration list for PBXNativeTarget "CrashyApp" */;
			buildPhases = (
				526294952E683A12001695B7 /* Sources */,
				526294962E683A12001695B7 /* Frameworks */,
				526294972E683A12001695B7 /* Resources */,
				526294C72E683A45001695B7 /* Embed Frameworks */,
			);
			buildRules = (
			);
			dependencies = (
			);
			fileSystemSynchronizedGroups = (
				5262949B2E683A12001695B7 /* CrashyApp */,
			);
			name = CrashyApp;
			packageProductDependencies = (
			);
			productName = CrashyApp;
			productReference = 526294992E683A12001695B7 /* CrashyApp.app */;
			productType = "com.apple.product-type.application";
		};
		526294A52E683A14001695B7 /* CrashyAppTests */ = {
			isa = PBXNativeTarget;
			buildConfigurationList = 526294BD2E683A14001695B7 /* Build configuration list for PBXNativeTarget "CrashyAppTests" */;
			buildPhases = (
				526294A22E683A14001695B7 /* Sources */,
				526294A32E683A14001695B7 /* Frameworks */,
				526294A42E683A14001695B7 /* Resources */,
			);
			buildRules = (
			);
			dependencies = (
				526294A82E683A14001695B7 /* PBXTargetDependency */,
			);
			fileSystemSynchronizedGroups = (
				526294A92E683A14001695B7 /* CrashyAppTests */,
			);
			name = CrashyAppTests;
			packageProductDependencies = (
			);
			productName = CrashyAppTests;
			productReference = 526294A62E683A14001695B7 /* CrashyAppTests.xctest */;
			productType = "com.apple.product-type.bundle.unit-test";
		};
		526294AF2E683A14001695B7 /* CrashyAppUITests */ = {
			isa = PBXNativeTarget;
			buildConfigurationList = 526294C02E683A14001695B7 /* Build configuration list for PBXNativeTarget "CrashyAppUITests" */;
			buildPhases = (
				526294AC2E683A14001695B7 /* Sources */,
				526294AD2E683A14001695B7 /* Frameworks */,
				526294AE2E683A14001695B7 /* Resources */,
			);
			buildRules = (
			);
			dependencies = (
				526294B22E683A14001695B7 /* PBXTargetDependency */,
			);
			fileSystemSynchronizedGroups = (
				526294B32E683A14001695B7 /* CrashyAppUITests */,
			);
			name = CrashyAppUITests;
			packageProductDependencies = (
			);
			productName = CrashyAppUITests;
			productReference = 526294B02E683A14001695B7 /* CrashyAppUITests.xctest */;
			productType = "com.apple.product-type.bundle.ui-testing";
		};
/* End PBXNativeTarget section */

/* Begin PBXProject section */
		526294912E683A12001695B7 /* Project object */ = {
			isa = PBXProject;
			attributes = {
				BuildIndependentTargetsInParallel = 1;
				LastSwiftUpdateCheck = 1640;
				LastUpgradeCheck = 1640;
				TargetAttributes = {
					526294982E683A12001695B7 = {
						CreatedOnToolsVersion = 16.4;
					};
					526294A52E683A14001695B7 = {
						CreatedOnToolsVersion = 16.4;
						TestTargetID = 526294982E683A12001695B7;
					};
					526294AF2E683A14001695B7 = {
						CreatedOnToolsVersion = 16.4;
						TestTargetID = 526294982E683A12001695B7;
					};
				};
			};
			buildConfigurationList = 526294942E683A12001695B7 /* Build configuration list for PBXProject "CrashyApp" */;
			developmentRegion = en;
			hasScannedForEncodings = 0;
			knownRegions = (
				en,
				Base,
			);
			mainGroup = 526294902E683A12001695B7;
			minimizedProjectReferenceProxies = 1;
			preferredProjectObjectVersion = 77;
			productRefGroup = 5262949A2E683A12001695B7 /* Products */;
			projectDirPath = "";
			projectRoot = "";
			targets = (
				526294982E683A12001695B7 /* CrashyApp */,
				526294A52E683A14001695B7 /* CrashyAppTests */,
				526294AF2E683A14001695B7 /* CrashyAppUITests */,
			);
		};
/* End PBXProject section */

/* Begin PBXResourcesBuildPhase section */
		526294972E683A12001695B7 /* Resources */ = {
			isa = PBXResourcesBuildPhase;
			buildActionMask = 2147483647;
			files = (
			);
			runOnlyForDeploymentPostprocessing = 0;
		};
		526294A42E683A14001695B7 /* Resources */ = {
			isa = PBXResourcesBuildPhase;
			buildActionMask = 2147483647;
			files = (
			);
			runOnlyForDeploymentPostprocessing = 0;
		};
		526294AE2E683A14001695B7 /* Resources */ = {
			isa = PBXResourcesBuildPhase;
			buildActionMask = 2147483647;
			files = (
			);
			runOnlyForDeploymentPostprocessing = 0;
		};
/* End PBXResourcesBuildPhase section */

/* Begin PBXSourcesBuildPhase section */
		526294952E683A12001695B7 /* Sources */ = {
			isa = PBXSourcesBuildPhase;
			buildActionMask = 2147483647;
			files = (
			);
			runOnlyForDeploymentPostprocessing = 0;
		};
		526294A22E683A14001695B7 /* Sources */ = {
			isa = PBXSourcesBuildPhase;
			buildActionMask = 2147483647;
			files = (
			);
			runOnlyForDeploymentPostprocessing = 0;
		};
		526294AC2E683A14001695B7 /* Sources */ = {
			isa = PBXSourcesBuildPhase;
			buildActionMask = 2147483647;
			files = (
			);
			runOnlyForDeploymentPostprocessing = 0;
		};
/* End PBXSourcesBuildPhase section */

/* Begin PBXTargetDependency section */
		526294A82E683A14001695B7 /* PBXTargetDependency */ = {
			isa = PBXTargetDependency;
			target = 526294982E683A12001695B7 /* CrashyApp */;
			targetProxy = 526294A72E683A14001695B7 /* PBXContainerItemProxy */;
		};
		526294B22E683A14001695B7 /* PBXTargetDependency */ = {
			isa = PBXTargetDependency;
			target = 526294982E683A12001695B7 /* CrashyApp */;
			targetProxy = 526294B12E683A14001695B7 /* PBXContainerItemProxy */;
		};
/* End PBXTargetDependency section */

/* Begin XCBuildConfiguration section */
		526294B82E683A14001695B7 /* Debug */ = {
			isa = XCBuildConfiguration;
			buildSettings = {
				ALWAYS_SEARCH_USER_PATHS = NO;
				ASSETCATALOG_COMPILER_GENERATE_SWIFT_ASSET_SYMBOL_EXTENSIONS = YES;
				CLANG_ANALYZER_NONNULL = YES;
				CLANG_ANALYZER_NUMBER_OBJECT_CONVERSION = YES_AGGRESSIVE;
				CLANG_CXX_LANGUAGE_STANDARD = "gnu++20";
				CLANG_ENABLE_MODULES = YES;
				CLANG_ENABLE_OBJC_ARC = YES;
				CLANG_ENABLE_OBJC_WEAK = YES;
				CLANG_WARN_BLOCK_CAPTURE_AUTORELEASING = YES;
				CLANG_WARN_BOOL_CONVERSION = YES;
				CLANG_WARN_COMMA = YES;
				CLANG_WARN_CONSTANT_CONVERSION = YES;
				CLANG_WARN_DEPRECATED_OBJC_IMPLEMENTATIONS = YES;
				CLANG_WARN_DIRECT_OBJC_ISA_USAGE = YES_ERROR;
				CLANG_WARN_DOCUMENTATION_COMMENTS = YES;
				CLANG_WARN_EMPTY_BODY = YES;
				CLANG_WARN_ENUM_CONVERSION = YES;
				CLANG_WARN_INFINITE_RECURSION = YES;
				CLANG_WARN_INT_CONVERSION = YES;
				CLANG_WARN_NON_LITERAL_NULL_CONVERSION = YES;
				CLANG_WARN_OBJC_IMPLICIT_RETAIN_SELF = YES;
				CLANG_WARN_OBJC_LITERAL_CONVERSION = YES;
				CLANG_WARN_OBJC_ROOT_CLASS = YES_ERROR;
				CLANG_WARN_QUOTED_INCLUDE_IN_FRAMEWORK_HEADER = YES;
				CLANG_WARN_RANGE_LOOP_ANALYSIS = YES;
				CLANG_WARN_STRICT_PROTOTYPES = YES;
				CLANG_WARN_SUSPICIOUS_MOVE = YES;
				CLANG_WARN_UNGUARDED_AVAILABILITY = YES_AGGRESSIVE;
				CLANG_WARN_UNREACHABLE_CODE = YES;
				CLANG_WARN__DUPLICATE_METHOD_MATCH = YES;
				COPY_PHASE_STRIP = NO;
				DEBUG_INFORMATION_FORMAT = dwarf;
				DEVELOPMENT_TEAM = 9DEE4YJFV8;
				ENABLE_STRICT_OBJC_MSGSEND = YES;
				ENABLE_TESTABILITY = YES;
				ENABLE_USER_SCRIPT_SANDBOXING = YES;
				GCC_C_LANGUAGE_STANDARD = gnu17;
				GCC_DYNAMIC_NO_PIC = NO;
				GCC_NO_COMMON_BLOCKS = YES;
				GCC_OPTIMIZATION_LEVEL = 0;
				GCC_PREPROCESSOR_DEFINITIONS = (
					"DEBUG=1",
					"$(inherited)",
				);
				GCC_WARN_64_TO_32_BIT_CONVERSION = YES;
				GCC_WARN_ABOUT_RETURN_TYPE = YES_ERROR;
				GCC_WARN_UNDECLARED_SELECTOR = YES;
				GCC_WARN_UNINITIALIZED_AUTOS = YES_AGGRESSIVE;
				GCC_WARN_UNUSED_FUNCTION = YES;
				GCC_WARN_UNUSED_VARIABLE = YES;
				IPHONEOS_DEPLOYMENT_TARGET = 18.5;
				LOCALIZATION_PREFERS_STRING_CATALOGS = YES;
				MTL_ENABLE_DEBUG_INFO = INCLUDE_SOURCE;
				MTL_FAST_MATH = YES;
				ONLY_ACTIVE_ARCH = YES;
				SDKROOT = iphoneos;
				SWIFT_ACTIVE_COMPILATION_CONDITIONS = "DEBUG $(inherited)";
				SWIFT_OPTIMIZATION_LEVEL = "-Onone";
			};
			name = Debug;
		};
		526294B92E683A14001695B7 /* Release */ = {
			isa = XCBuildConfiguration;
			buildSettings = {
				ALWAYS_SEARCH_USER_PATHS = NO;
				ASSETCATALOG_COMPILER_GENERATE_SWIFT_ASSET_SYMBOL_EXTENSIONS = YES;
				CLANG_ANALYZER_NONNULL = YES;
				CLANG_ANALYZER_NUMBER_OBJECT_CONVERSION = YES_AGGRESSIVE;
				CLANG_CXX_LANGUAGE_STANDARD = "gnu++20";
				CLANG_ENABLE_MODULES = YES;
				CLANG_ENABLE_OBJC_ARC = YES;
				CLANG_ENABLE_OBJC_WEAK = YES;
				CLANG_WARN_BLOCK_CAPTURE_AUTORELEASING = YES;
				CLANG_WARN_BOOL_CONVERSION = YES;
				CLANG_WARN_COMMA = YES;
				CLANG_WARN_CONSTANT_CONVERSION = YES;
				CLANG_WARN_DEPRECATED_OBJC_IMPLEMENTATIONS = YES;
				CLANG_WARN_DIRECT_OBJC_ISA_USAGE = YES_ERROR;
				CLANG_WARN_DOCUMENTATION_COMMENTS = YES;
				CLANG_WARN_EMPTY_BODY = YES;
				CLANG_WARN_ENUM_CONVERSION = YES;
				CLANG_WARN_INFINITE_RECURSION = YES;
				CLANG_WARN_INT_CONVERSION = YES;
				CLANG_WARN_NON_LITERAL_NULL_CONVERSION = YES;
				CLANG_WARN_OBJC_IMPLICIT_RETAIN_SELF = YES;
				CLANG_WARN_OBJC_LITERAL_CONVERSION = YES;
				CLANG_WARN_OBJC_ROOT_CLASS = YES_ERROR;
				CLANG_WARN_QUOTED_INCLUDE_IN_FRAMEWORK_HEADER = YES;
				CLANG_WARN_RANGE_LOOP_ANALYSIS = YES;
				CLANG_WARN_STRICT_PROTOTYPES = YES;
				CLANG_WARN_SUSPICIOUS_MOVE = YES;
				CLANG_WARN_UNGUARDED_AVAILABILITY = YES_AGGRESSIVE;
				CLANG_WARN_UNREACHABLE_CODE = YES;
				CLANG_WARN__DUPLICATE_METHOD_MATCH = YES;
				COPY_PHASE_STRIP = NO;
				DEBUG_INFORMATION_FORMAT = "dwarf-with-dsym";
				DEVELOPMENT_TEAM = 9DEE4YJFV8;
				ENABLE_NS_ASSERTIONS = NO;
				ENABLE_STRICT_OBJC_MSGSEND = YES;
				ENABLE_USER_SCRIPT_SANDBOXING = YES;
				GCC_C_LANGUAGE_STANDARD = gnu17;
				GCC_NO_COMMON_BLOCKS = YES;
				GCC_WARN_64_TO_32_BIT_CONVERSION = YES;
				GCC_WARN_ABOUT_RETURN_TYPE = YES_ERROR;
				GCC_WARN_UNDECLARED_SELECTOR = YES;
				GCC_WARN_UNINITIALIZED_AUTOS = YES_AGGRESSIVE;
				GCC_WARN_UNUSED_FUNCTION = YES;
				GCC_WARN_UNUSED_VARIABLE = YES;
				IPHONEOS_DEPLOYMENT_TARGET = 18.5;
				LOCALIZATION_PREFERS_STRING_CATALOGS = YES;
				MTL_ENABLE_DEBUG_INFO = NO;
				MTL_FAST_MATH = YES;
				SDKROOT = iphoneos;
				SWIFT_COMPILATION_MODE = wholemodule;
				VALIDATE_PRODUCT = YES;
			};
			name = Release;
		};
		526294BB2E683A14001695B7 /* Debug */ = {
			isa = XCBuildConfiguration;
			buildSettings = {
				ASSETCATALOG_COMPILER_APPICON_NAME = AppIcon;
				ASSETCATALOG_COMPILER_GLOBAL_ACCENT_COLOR_NAME = AccentColor;
				CODE_SIGN_STYLE = Automatic;
				CURRENT_PROJECT_VERSION = 1;
				DEVELOPMENT_TEAM = 9DEE4YJFV8;
				ENABLE_PREVIEWS = YES;
				GENERATE_INFOPLIST_FILE = YES;
				INFOPLIST_KEY_UIApplicationSceneManifest_Generation = YES;
				INFOPLIST_KEY_UIApplicationSupportsIndirectInputEvents = YES;
				INFOPLIST_KEY_UILaunchScreen_Generation = YES;
				INFOPLIST_KEY_UISupportedInterfaceOrientations_iPad = "UIInterfaceOrientationPortrait UIInterfaceOrientationPortraitUpsideDown UIInterfaceOrientationLandscapeLeft UIInterfaceOrientationLandscapeRight";
				INFOPLIST_KEY_UISupportedInterfaceOrientations_iPhone = "UIInterfaceOrientationPortrait UIInterfaceOrientationLandscapeLeft UIInterfaceOrientationLandscapeRight";
				LD_RUNPATH_SEARCH_PATHS = (
					"$(inherited)",
					"@executable_path/Frameworks",
				);
				MARKETING_VERSION = 1.0;
				PRODUCT_BUNDLE_IDENTIFIER = org.kscrash.CrashyApp;
				PRODUCT_NAME = "$(TARGET_NAME)";
				SWIFT_EMIT_LOC_STRINGS = YES;
				SWIFT_VERSION = 5.0;
				TARGETED_DEVICE_FAMILY = "1,2";
			};
			name = Debug;
		};
		526294BC2E683A14001695B7 /* Release */ = {
			isa = XCBuildConfiguration;
			buildSettings = {
				ASSETCATALOG_COMPILER_APPICON_NAME = AppIcon;
				ASSETCATALOG_COMPILER_GLOBAL_ACCENT_COLOR_NAME = AccentColor;
				CODE_SIGN_STYLE = Automatic;
				CURRENT_PROJECT_VERSION = 1;
				DEVELOPMENT_TEAM = 9DEE4YJFV8;
				ENABLE_PREVIEWS = YES;
				GENERATE_INFOPLIST_FILE = YES;
				INFOPLIST_KEY_UIApplicationSceneManifest_Generation = YES;
				INFOPLIST_KEY_UIApplicationSupportsIndirectInputEvents = YES;
				INFOPLIST_KEY_UILaunchScreen_Generation = YES;
				INFOPLIST_KEY_UISupportedInterfaceOrientations_iPad = "UIInterfaceOrientationPortrait UIInterfaceOrientationPortraitUpsideDown UIInterfaceOrientationLandscapeLeft UIInterfaceOrientationLandscapeRight";
				INFOPLIST_KEY_UISupportedInterfaceOrientations_iPhone = "UIInterfaceOrientationPortrait UIInterfaceOrientationLandscapeLeft UIInterfaceOrientationLandscapeRight";
				LD_RUNPATH_SEARCH_PATHS = (
					"$(inherited)",
					"@executable_path/Frameworks",
				);
				MARKETING_VERSION = 1.0;
				PRODUCT_BUNDLE_IDENTIFIER = org.kscrash.CrashyApp;
				PRODUCT_NAME = "$(TARGET_NAME)";
				SWIFT_EMIT_LOC_STRINGS = YES;
				SWIFT_VERSION = 5.0;
				TARGETED_DEVICE_FAMILY = "1,2";
			};
			name = Release;
		};
		526294BE2E683A14001695B7 /* Debug */ = {
			isa = XCBuildConfiguration;
			buildSettings = {
				BUNDLE_LOADER = "$(TEST_HOST)";
				CODE_SIGN_STYLE = Automatic;
				CURRENT_PROJECT_VERSION = 1;
				DEVELOPMENT_TEAM = 9DEE4YJFV8;
				GENERATE_INFOPLIST_FILE = YES;
				IPHONEOS_DEPLOYMENT_TARGET = 18.5;
				MARKETING_VERSION = 1.0;
				PRODUCT_BUNDLE_IDENTIFIER = org.kscrash.CrashyAppTests;
				PRODUCT_NAME = "$(TARGET_NAME)";
				SWIFT_EMIT_LOC_STRINGS = NO;
				SWIFT_VERSION = 5.0;
				TARGETED_DEVICE_FAMILY = "1,2";
				TEST_HOST = "$(BUILT_PRODUCTS_DIR)/CrashyApp.app/$(BUNDLE_EXECUTABLE_FOLDER_PATH)/CrashyApp";
			};
			name = Debug;
		};
		526294BF2E683A14001695B7 /* Release */ = {
			isa = XCBuildConfiguration;
			buildSettings = {
				BUNDLE_LOADER = "$(TEST_HOST)";
				CODE_SIGN_STYLE = Automatic;
				CURRENT_PROJECT_VERSION = 1;
				DEVELOPMENT_TEAM = 9DEE4YJFV8;
				GENERATE_INFOPLIST_FILE = YES;
				IPHONEOS_DEPLOYMENT_TARGET = 18.5;
				MARKETING_VERSION = 1.0;
				PRODUCT_BUNDLE_IDENTIFIER = org.kscrash.CrashyAppTests;
				PRODUCT_NAME = "$(TARGET_NAME)";
				SWIFT_EMIT_LOC_STRINGS = NO;
				SWIFT_VERSION = 5.0;
				TARGETED_DEVICE_FAMILY = "1,2";
				TEST_HOST = "$(BUILT_PRODUCTS_DIR)/CrashyApp.app/$(BUNDLE_EXECUTABLE_FOLDER_PATH)/CrashyApp";
			};
			name = Release;
		};
		526294C12E683A14001695B7 /* Debug */ = {
			isa = XCBuildConfiguration;
			buildSettings = {
				CODE_SIGN_STYLE = Automatic;
				CURRENT_PROJECT_VERSION = 1;
				DEVELOPMENT_TEAM = 9DEE4YJFV8;
				GENERATE_INFOPLIST_FILE = YES;
				MARKETING_VERSION = 1.0;
				PRODUCT_BUNDLE_IDENTIFIER = org.kscrash.CrashyAppUITests;
				PRODUCT_NAME = "$(TARGET_NAME)";
				SWIFT_EMIT_LOC_STRINGS = NO;
				SWIFT_VERSION = 5.0;
				TARGETED_DEVICE_FAMILY = "1,2";
				TEST_TARGET_NAME = CrashyApp;
			};
			name = Debug;
		};
		526294C22E683A14001695B7 /* Release */ = {
			isa = XCBuildConfiguration;
			buildSettings = {
				CODE_SIGN_STYLE = Automatic;
				CURRENT_PROJECT_VERSION = 1;
				DEVELOPMENT_TEAM = 9DEE4YJFV8;
				GENERATE_INFOPLIST_FILE = YES;
				MARKETING_VERSION = 1.0;
				PRODUCT_BUNDLE_IDENTIFIER = org.kscrash.CrashyAppUITests;
				PRODUCT_NAME = "$(TARGET_NAME)";
				SWIFT_EMIT_LOC_STRINGS = NO;
				SWIFT_VERSION = 5.0;
				TARGETED_DEVICE_FAMILY = "1,2";
				TEST_TARGET_NAME = CrashyApp;
			};
			name = Release;
		};
/* End XCBuildConfiguration section */

/* Begin XCConfigurationList section */
		526294942E683A12001695B7 /* Build configuration list for PBXProject "CrashyApp" */ = {
			isa = XCConfigurationList;
			buildConfigurations = (
				526294B82E683A14001695B7 /* Debug */,
				526294B92E683A14001695B7 /* Release */,
			);
			defaultConfigurationIsVisible = 0;
			defaultConfigurationName = Release;
		};
		526294BA2E683A14001695B7 /* Build configuration list for PBXNativeTarget "CrashyApp" */ = {
			isa = XCConfigurationList;
			buildConfigurations = (
				526294BB2E683A14001695B7 /* Debug */,
				526294BC2E683A14001695B7 /* Release */,
			);
			defaultConfigurationIsVisible = 0;
			defaultConfigurationName = Release;
		};
		526294BD2E683A14001695B7 /* Build configuration list for PBXNativeTarget "CrashyAppTests" */ = {
			isa = XCConfigurationList;
			buildConfigurations = (
				526294BE2E683A14001695B7 /* Debug */,
				526294BF2E683A14001695B7 /* Release */,
			);
			defaultConfigurationIsVisible = 0;
			defaultConfigurationName = Release;
		};
		526294C02E683A14001695B7 /* Build configuration list for PBXNativeTarget "CrashyAppUITests" */ = {
			isa = XCConfigurationList;
			buildConfigurations = (
				526294C12E683A14001695B7 /* Debug */,
				526294C22E683A14001695B7 /* Release */,
			);
			defaultConfigurationIsVisible = 0;
			defaultConfigurationName = Release;
		};
/* End XCConfigurationList section */
	};
	rootObject = 526294912E683A12001695B7 /* Project object */;
}
